
Microsoft Visual Studio Solution File, Format Version 12.00
# Visual Studio Version 17
VisualStudioVersion = 17.5.002.0
MinimumVisualStudioVersion = 10.0.40219.1
Project("{9A19103F-16F7-4668-BE54-9A1E7A4F7556}") = "Prática sozinho", "Prática sozinho.csproj", "{1DFE0A69-6048-4EC2-87E9-3AC91AD5A1A3}"
EndProject
Global
	GlobalSection(SolutionConfigurationPlatforms) = preSolution
		Debug|Any CPU = Debug|Any CPU
		Release|Any CPU = Release|Any CPU
	EndGlobalSection
	GlobalSection(ProjectConfigurationPlatforms) = postSolution
		{1DFE0A69-6048-4EC2-87E9-3AC91AD5A1A3}.Debug|Any CPU.ActiveCfg = Debug|Any CPU
		{1DFE0A69-6048-4EC2-87E9-3AC91AD5A1A3}.Debug|Any CPU.Build.0 = Debug|Any CPU
		{1DFE0A69-6048-4EC2-87E9-3AC91AD5A1A3}.Release|Any CPU.ActiveCfg = Release|Any CPU
		{1DFE0A69-6048-4EC2-87E9-3AC91AD5A1A3}.Release|Any CPU.Build.0 = Release|Any CPU
	EndGlobalSection
	GlobalSection(SolutionProperties) = preSolution
		HideSolutionNode = FALSE
	EndGlobalSection
	GlobalSection(ExtensibilityGlobals) = postSolution
		SolutionGuid = {D9229635-24D0-4A9A-BDF2-0C63A7A26DE2}
	EndGlobalSection
EndGlobal
